
Microsoft Visual Studio Solution File, Format Version 12.00
# Visual Studio 14
VisualStudioVersion = 14.0.25420.1
MinimumVisualStudioVersion = 10.0.40219.1
Project("{FAE04EC0-301F-11D3-BF4B-00C04F79EFBC}") = "GetItemParams", "GetItemParams\GetItemParams.csproj", "{EB956301-0467-460B-83D6-9E40824058AA}"
EndProject
Project("{FAE04EC0-301F-11D3-BF4B-00C04F79EFBC}") = "ExApp", "ExApp\ExApp.csproj", "{64F22293-E966-4DAA-B778-DDB61AEEDAEE}"
EndProject
Project("{FAE04EC0-301F-11D3-BF4B-00C04F79EFBC}") = "Geometry", "Geometry\Geometry.csproj", "{641B823C-313E-42AB-B16C-5FCE6E679884}"
EndProject
Global
	GlobalSection(SolutionConfigurationPlatforms) = preSolution
		Debug|Any CPU = Debug|Any CPU
		Release|Any CPU = Release|Any CPU
	EndGlobalSection
	GlobalSection(ProjectConfigurationPlatforms) = postSolution
		{EB956301-0467-460B-83D6-9E40824058AA}.Debug|Any CPU.ActiveCfg = Debug|Any CPU
		{EB956301-0467-460B-83D6-9E40824058AA}.Debug|Any CPU.Build.0 = Debug|Any CPU
		{EB956301-0467-460B-83D6-9E40824058AA}.Release|Any CPU.ActiveCfg = Release|Any CPU
		{EB956301-0467-460B-83D6-9E40824058AA}.Release|Any CPU.Build.0 = Release|Any CPU
		{64F22293-E966-4DAA-B778-DDB61AEEDAEE}.Debug|Any CPU.ActiveCfg = Debug|Any CPU
		{64F22293-E966-4DAA-B778-DDB61AEEDAEE}.Debug|Any CPU.Build.0 = Debug|Any CPU
		{64F22293-E966-4DAA-B778-DDB61AEEDAEE}.Release|Any CPU.ActiveCfg = Release|Any CPU
		{64F22293-E966-4DAA-B778-DDB61AEEDAEE}.Release|Any CPU.Build.0 = Release|Any CPU
		{641B823C-313E-42AB-B16C-5FCE6E679884}.Debug|Any CPU.ActiveCfg = Debug|Any CPU
		{641B823C-313E-42AB-B16C-5FCE6E679884}.Debug|Any CPU.Build.0 = Debug|Any CPU
		{641B823C-313E-42AB-B16C-5FCE6E679884}.Release|Any CPU.ActiveCfg = Release|Any CPU
		{641B823C-313E-42AB-B16C-5FCE6E679884}.Release|Any CPU.Build.0 = Release|Any CPU
	EndGlobalSection
	GlobalSection(SolutionProperties) = preSolution
		HideSolutionNode = FALSE
	EndGlobalSection
EndGlobal
